
Microsoft Visual Studio Solution File, Format Version 12.00
# Visual Studio 14
VisualStudioVersion = 14.0.24720.0
MinimumVisualStudioVersion = 10.0.40219.1
Project("{FAE04EC0-301F-11D3-BF4B-00C04F79EFBC}") = "Kripesh.WebStore.Application", "Kripesh.WebStore.Application\Kripesh.WebStore.Application.csproj", "{D7E2A3ED-65A2-4665-868F-B4522FEBA56E}"
EndProject
Project("{FAE04EC0-301F-11D3-BF4B-00C04F79EFBC}") = "Kripesh.WebStore.Application.Tests", "Kripesh.WebStore.Application.Tests\Kripesh.WebStore.Application.Tests.csproj", "{593097BB-04D8-413B-9AEF-7CA9763BDFA7}"
EndProject
Global
	GlobalSection(SolutionConfigurationPlatforms) = preSolution
		Debug|Any CPU = Debug|Any CPU
		Release|Any CPU = Release|Any CPU
	EndGlobalSection
	GlobalSection(ProjectConfigurationPlatforms) = postSolution
		{D7E2A3ED-65A2-4665-868F-B4522FEBA56E}.Debug|Any CPU.ActiveCfg = Debug|Any CPU
		{D7E2A3ED-65A2-4665-868F-B4522FEBA56E}.Debug|Any CPU.Build.0 = Debug|Any CPU
		{D7E2A3ED-65A2-4665-868F-B4522FEBA56E}.Release|Any CPU.ActiveCfg = Release|Any CPU
		{D7E2A3ED-65A2-4665-868F-B4522FEBA56E}.Release|Any CPU.Build.0 = Release|Any CPU
		{593097BB-04D8-413B-9AEF-7CA9763BDFA7}.Debug|Any CPU.ActiveCfg = Debug|Any CPU
		{593097BB-04D8-413B-9AEF-7CA9763BDFA7}.Debug|Any CPU.Build.0 = Debug|Any CPU
		{593097BB-04D8-413B-9AEF-7CA9763BDFA7}.Release|Any CPU.ActiveCfg = Release|Any CPU
		{593097BB-04D8-413B-9AEF-7CA9763BDFA7}.Release|Any CPU.Build.0 = Release|Any CPU
	EndGlobalSection
	GlobalSection(SolutionProperties) = preSolution
		HideSolutionNode = FALSE
	EndGlobalSection
EndGlobal
